// !$*UTF8*$!
{
	archiveVersion = 1;
	classes = {
	};
	objectVersion = 56;
	objects = {

/* Begin PBXBuildFile section */
		081F80EE2BB5F70E00D0D723 /* SteadmanUI in Frameworks */ = {isa = PBXBuildFile; productRef = 081F80ED2BB5F70E00D0D723 /* SteadmanUI */; };
		081F80F02BB5F72100D0D723 /* ViewExtractor in Frameworks */ = {isa = PBXBuildFile; productRef = 081F80EF2BB5F72100D0D723 /* ViewExtractor */; };
		081F80F22BB5F72800D0D723 /* SwiftSoup in Frameworks */ = {isa = PBXBuildFile; productRef = 081F80F12BB5F72800D0D723 /* SwiftSoup */; };
		081F80F42BB6088900D0D723 /* Extensions.swift in Sources */ = {isa = PBXBuildFile; fileRef = 081F80F32BB6088900D0D723 /* Extensions.swift */; };
		081F811C2BB6201F00D0D723 /* Times New Roman Condensed.otf in Resources */ = {isa = PBXBuildFile; fileRef = 081F811B2BB6201F00D0D723 /* Times New Roman Condensed.otf */; };
		081F811E2BB620A700D0D723 /* Times New Roman Condensed Italic.otf in Resources */ = {isa = PBXBuildFile; fileRef = 081F811D2BB620A700D0D723 /* Times New Roman Condensed Italic.otf */; };
		081F81202BB6249800D0D723 /* Times New Roman Condensed Bold.otf in Resources */ = {isa = PBXBuildFile; fileRef = 081F811F2BB6249800D0D723 /* Times New Roman Condensed Bold.otf */; };
		087587E52BB4989000DFCA82 /* Home.swift in Sources */ = {isa = PBXBuildFile; fileRef = 087587E42BB4989000DFCA82 /* Home.swift */; };
		087587E72BB4CE9700DFCA82 /* FriendActivity.swift in Sources */ = {isa = PBXBuildFile; fileRef = 087587E62BB4CE9700DFCA82 /* FriendActivity.swift */; };
		087587E92BB4D04100DFCA82 /* SpotifyWebAPI.swift in Sources */ = {isa = PBXBuildFile; fileRef = 087587E82BB4D04100DFCA82 /* SpotifyWebAPI.swift */; };
		087587EB2BB5037C00DFCA82 /* SimilarSongFinder.swift in Sources */ = {isa = PBXBuildFile; fileRef = 087587EA2BB5037C00DFCA82 /* SimilarSongFinder.swift */; };
		087587F02BB5055E00DFCA82 /* Library.swift in Sources */ = {isa = PBXBuildFile; fileRef = 087587EF2BB5055E00DFCA82 /* Library.swift */; };
		087AEBBC2BBBC8BB00394103 /* WidgetKit.framework in Frameworks */ = {isa = PBXBuildFile; fileRef = 087AEBBB2BBBC8BB00394103 /* WidgetKit.framework */; };
		087AEBBE2BBBC8BB00394103 /* SwiftUI.framework in Frameworks */ = {isa = PBXBuildFile; fileRef = 087AEBBD2BBBC8BB00394103 /* SwiftUI.framework */; };
		087AEBC12BBBC8BB00394103 /* LiveFriendActivityBundle.swift in Sources */ = {isa = PBXBuildFile; fileRef = 087AEBC02BBBC8BB00394103 /* LiveFriendActivityBundle.swift */; };
		087AEBC32BBBC8BB00394103 /* LiveFriendActivityLiveActivity.swift in Sources */ = {isa = PBXBuildFile; fileRef = 087AEBC22BBBC8BB00394103 /* LiveFriendActivityLiveActivity.swift */; };
		087AEBC52BBBC8BB00394103 /* LiveFriendActivity.swift in Sources */ = {isa = PBXBuildFile; fileRef = 087AEBC42BBBC8BB00394103 /* LiveFriendActivity.swift */; };
		087AEBC72BBBC8BB00394103 /* AppIntent.swift in Sources */ = {isa = PBXBuildFile; fileRef = 087AEBC62BBBC8BB00394103 /* AppIntent.swift */; };
		087AEBC92BBBC8BD00394103 /* Assets.xcassets in Resources */ = {isa = PBXBuildFile; fileRef = 087AEBC82BBBC8BD00394103 /* Assets.xcassets */; };
		087AEBCD2BBBC8BD00394103 /* LiveFriendActivityExtension.appex in Embed Foundation Extensions */ = {isa = PBXBuildFile; fileRef = 087AEBB92BBBC8BB00394103 /* LiveFriendActivityExtension.appex */; settings = {ATTRIBUTES = (RemoveHeadersOnCopy, ); }; };
		087AEBD52BBC8F3E00394103 /* Search.swift in Sources */ = {isa = PBXBuildFile; fileRef = 087AEBD42BBC8F3E00394103 /* Search.swift */; };
		087AEBD82BBCC7B900394103 /* FriendActivityGreeting.swift in Sources */ = {isa = PBXBuildFile; fileRef = 087AEBD72BBCC7B900394103 /* FriendActivityGreeting.swift */; };
		087AEBDE2BBCCE2E00394103 /* SearchGreeting.swift in Sources */ = {isa = PBXBuildFile; fileRef = 087AEBDD2BBCCE2E00394103 /* SearchGreeting.swift */; };
		087AEBE02BBCCE5500394103 /* LibraryGreeting.swift in Sources */ = {isa = PBXBuildFile; fileRef = 087AEBDF2BBCCE5500394103 /* LibraryGreeting.swift */; };
		087AEBE22BBCF85000394103 /* FriendActivityCurrentlyListening.swift in Sources */ = {isa = PBXBuildFile; fileRef = 087AEBE12BBCF85000394103 /* FriendActivityCurrentlyListening.swift */; };
		087AEBE42BBCFF0700394103 /* RefreshAuthorization.swift in Sources */ = {isa = PBXBuildFile; fileRef = 087AEBE32BBCFF0700394103 /* RefreshAuthorization.swift */; };
		087AEBE62BBD8BB400394103 /* FriendActivityYourFriends.swift in Sources */ = {isa = PBXBuildFile; fileRef = 087AEBE52BBD8BB400394103 /* FriendActivityYourFriends.swift */; };
		087AEBED2BBE280A00394103 /* Assets.xcassets in Resources */ = {isa = PBXBuildFile; fileRef = 08EC0E9E2BB3897000E4F592 /* Assets.xcassets */; };
		087AEBEF2BBE281600394103 /* SteadmanUI in Frameworks */ = {isa = PBXBuildFile; productRef = 087AEBEE2BBE281600394103 /* SteadmanUI */; };
		087AEBF22BBE2A9500394103 /* SF Compact Display.otf in Resources */ = {isa = PBXBuildFile; fileRef = 087AEBF12BBE2A9500394103 /* SF Compact Display.otf */; };
		087AEBF32BBE2A9500394103 /* SF Compact Display.otf in Resources */ = {isa = PBXBuildFile; fileRef = 087AEBF12BBE2A9500394103 /* SF Compact Display.otf */; };
		087AEBF52BBE2A9F00394103 /* SF Pro Display.otf in Resources */ = {isa = PBXBuildFile; fileRef = 087AEBF42BBE2A9F00394103 /* SF Pro Display.otf */; };
		087AEBF62BBE2A9F00394103 /* SF Pro Display.otf in Resources */ = {isa = PBXBuildFile; fileRef = 087AEBF42BBE2A9F00394103 /* SF Pro Display.otf */; };
		087AEBF72BBE740E00394103 /* LiveFriendActivityLiveActivity.swift in Sources */ = {isa = PBXBuildFile; fileRef = 087AEBC22BBBC8BB00394103 /* LiveFriendActivityLiveActivity.swift */; };
		087AEBF92BBE770D00394103 /* ImageLoader.swift in Sources */ = {isa = PBXBuildFile; fileRef = 087AEBF82BBE770D00394103 /* ImageLoader.swift */; };
		087AEBFC2BBE7DA200394103 /* WXImageCompress.swift in Sources */ = {isa = PBXBuildFile; fileRef = 087AEBFB2BBE7DA200394103 /* WXImageCompress.swift */; };
		087C558E2BB3B8C500F45562 /* Preview Assets.xcassets in Resources */ = {isa = PBXBuildFile; fileRef = 087C558D2BB3B8C500F45562 /* Preview Assets.xcassets */; };
		08B55F8D2BC4EBBA000B22BC /* LibraryPlaylists.swift in Sources */ = {isa = PBXBuildFile; fileRef = 08B55F8C2BC4EBBA000B22BC /* LibraryPlaylists.swift */; };
		08B55F942BC5BCEE000B22BC /* PinItem.swift in Sources */ = {isa = PBXBuildFile; fileRef = 08B55F932BC5BCEE000B22BC /* PinItem.swift */; };
		08B55F972BC5BE1A000B22BC /* FolderItem.swift in Sources */ = {isa = PBXBuildFile; fileRef = 08B55F962BC5BE1A000B22BC /* FolderItem.swift */; };
		08B55F982BC5C1C4000B22BC /* Extensions.swift in Sources */ = {isa = PBXBuildFile; fileRef = 081F80F32BB6088900D0D723 /* Extensions.swift */; };
		08B55F9A2BC5C4D4000B22BC /* InlinePlaylist.swift in Sources */ = {isa = PBXBuildFile; fileRef = 08B55F992BC5C4D4000B22BC /* InlinePlaylist.swift */; };
		08EC0E992BB3896F00E4F592 /* LotusApp.swift in Sources */ = {isa = PBXBuildFile; fileRef = 08EC0E982BB3896F00E4F592 /* LotusApp.swift */; };
		08EC0E9B2BB3896F00E4F592 /* ContentView.swift in Sources */ = {isa = PBXBuildFile; fileRef = 08EC0E9A2BB3896F00E4F592 /* ContentView.swift */; };
		08EC0E9F2BB3897000E4F592 /* Assets.xcassets in Resources */ = {isa = PBXBuildFile; fileRef = 08EC0E9E2BB3897000E4F592 /* Assets.xcassets */; };
		08EC0EAA2BB3899600E4F592 /* OpenSpotifyAPI.swift in Sources */ = {isa = PBXBuildFile; fileRef = 08EC0EA92BB3899600E4F592 /* OpenSpotifyAPI.swift */; };
		08EC0EAC2BB38E5D00E4F592 /* CookieFinder.swift in Sources */ = {isa = PBXBuildFile; fileRef = 08EC0EAB2BB38E5D00E4F592 /* CookieFinder.swift */; };
		08EC0EAE2BB3908600E4F592 /* ObservableDefaults.swift in Sources */ = {isa = PBXBuildFile; fileRef = 08EC0EAD2BB3908600E4F592 /* ObservableDefaults.swift */; };
		08EC0EB02BB3B2EF00E4F592 /* NavigationBar.swift in Sources */ = {isa = PBXBuildFile; fileRef = 08EC0EAF2BB3B2EF00E4F592 /* NavigationBar.swift */; };
		08FFD2F12BB8B505008DFA7D /* Spotify.swift in Sources */ = {isa = PBXBuildFile; fileRef = 08FFD2F02BB8B505008DFA7D /* Spotify.swift */; };
		08FFD2F42BB8B827008DFA7D /* KeychainAccess in Frameworks */ = {isa = PBXBuildFile; productRef = 08FFD2F32BB8B827008DFA7D /* KeychainAccess */; };
		08FFD2F62BB8BAD1008DFA7D /* AlertItem.swift in Sources */ = {isa = PBXBuildFile; fileRef = 08FFD2F52BB8BAD1008DFA7D /* AlertItem.swift */; };
		08FFD2F82BB9EC6E008DFA7D /* Newake.otf in Resources */ = {isa = PBXBuildFile; fileRef = 08FFD2F72BB9EC6E008DFA7D /* Newake.otf */; };
		08FFD2FA2BB9F3EB008DFA7D /* ExpandingText.swift in Sources */ = {isa = PBXBuildFile; fileRef = 08FFD2F92BB9F3EB008DFA7D /* ExpandingText.swift */; };
		08FFD2FD2BBA3E9D008DFA7D /* LoungeGreeting.swift in Sources */ = {isa = PBXBuildFile; fileRef = 08FFD2FC2BBA3E9D008DFA7D /* LoungeGreeting.swift */; };
		08FFD2FF2BBA3F67008DFA7D /* LoungeMostPlayed.swift in Sources */ = {isa = PBXBuildFile; fileRef = 08FFD2FE2BBA3F67008DFA7D /* LoungeMostPlayed.swift */; };
		08FFD3012BBA483D008DFA7D /* LoungeHopBackIn.swift in Sources */ = {isa = PBXBuildFile; fileRef = 08FFD3002BBA483D008DFA7D /* LoungeHopBackIn.swift */; };
		08FFD3032BBA5D33008DFA7D /* CustomTabView.swift in Sources */ = {isa = PBXBuildFile; fileRef = 08FFD3022BBA5D33008DFA7D /* CustomTabView.swift */; };
		08FFD30D2BBB060F008DFA7D /* View+ReceiveTimer.swift in Sources */ = {isa = PBXBuildFile; fileRef = 08FFD3082BBB060E008DFA7D /* View+ReceiveTimer.swift */; };
		08FFD30E2BBB060F008DFA7D /* ACarousel.swift in Sources */ = {isa = PBXBuildFile; fileRef = 08FFD3092BBB060F008DFA7D /* ACarousel.swift */; };
		08FFD30F2BBB060F008DFA7D /* ACarouselAutoScroll.swift in Sources */ = {isa = PBXBuildFile; fileRef = 08FFD30A2BBB060F008DFA7D /* ACarouselAutoScroll.swift */; };
		08FFD3102BBB060F008DFA7D /* ACarouselViewModel.swift in Sources */ = {isa = PBXBuildFile; fileRef = 08FFD30B2BBB060F008DFA7D /* ACarouselViewModel.swift */; };
		08FFD3112BBB060F008DFA7D /* AppLifeCycleModifier.swift in Sources */ = {isa = PBXBuildFile; fileRef = 08FFD30C2BBB060F008DFA7D /* AppLifeCycleModifier.swift */; };
		08FFD3142BBB4B3C008DFA7D /* SpotifyAPI in Frameworks */ = {isa = PBXBuildFile; productRef = 08FFD3132BBB4B3C008DFA7D /* SpotifyAPI */; };
/* End PBXBuildFile section */

/* Begin PBXContainerItemProxy section */
		087AEBCB2BBBC8BD00394103 /* PBXContainerItemProxy */ = {
			isa = PBXContainerItemProxy;
			containerPortal = 08EC0E8D2BB3896F00E4F592 /* Project object */;
			proxyType = 1;
			remoteGlobalIDString = 087AEBB82BBBC8BB00394103;
			remoteInfo = LiveFriendActivityExtension;
		};
/* End PBXContainerItemProxy section */

/* Begin PBXCopyFilesBuildPhase section */
		087AEBD12BBBC8BD00394103 /* Embed Foundation Extensions */ = {
			isa = PBXCopyFilesBuildPhase;
			buildActionMask = 2147483647;
			dstPath = "";
			dstSubfolderSpec = 13;
			files = (
				087AEBCD2BBBC8BD00394103 /* LiveFriendActivityExtension.appex in Embed Foundation Extensions */,
			);
			name = "Embed Foundation Extensions";
			runOnlyForDeploymentPostprocessing = 0;
		};
/* End PBXCopyFilesBuildPhase section */

/* Begin PBXFileReference section */
		081F80F32BB6088900D0D723 /* Extensions.swift */ = {isa = PBXFileReference; lastKnownFileType = sourcecode.swift; path = Extensions.swift; sourceTree = "<group>"; };
		081F80FE2BB6096900D0D723 /* Info.plist */ = {isa = PBXFileReference; lastKnownFileType = text.plist; path = Info.plist; sourceTree = "<group>"; };
		081F811B2BB6201F00D0D723 /* Times New Roman Condensed.otf */ = {isa = PBXFileReference; lastKnownFileType = file; path = "Times New Roman Condensed.otf"; sourceTree = "<group>"; };
		081F811D2BB620A700D0D723 /* Times New Roman Condensed Italic.otf */ = {isa = PBXFileReference; lastKnownFileType = file; path = "Times New Roman Condensed Italic.otf"; sourceTree = "<group>"; };
		081F811F2BB6249800D0D723 /* Times New Roman Condensed Bold.otf */ = {isa = PBXFileReference; lastKnownFileType = file; path = "Times New Roman Condensed Bold.otf"; sourceTree = "<group>"; };
		087587E42BB4989000DFCA82 /* Home.swift */ = {isa = PBXFileReference; lastKnownFileType = sourcecode.swift; path = Home.swift; sourceTree = "<group>"; };
		087587E62BB4CE9700DFCA82 /* FriendActivity.swift */ = {isa = PBXFileReference; lastKnownFileType = sourcecode.swift; name = FriendActivity.swift; path = ../FriendActivity.swift; sourceTree = "<group>"; };
		087587E82BB4D04100DFCA82 /* SpotifyWebAPI.swift */ = {isa = PBXFileReference; lastKnownFileType = sourcecode.swift; path = SpotifyWebAPI.swift; sourceTree = "<group>"; };
		087587EA2BB5037C00DFCA82 /* SimilarSongFinder.swift */ = {isa = PBXFileReference; lastKnownFileType = sourcecode.swift; path = SimilarSongFinder.swift; sourceTree = "<group>"; };
		087587EF2BB5055E00DFCA82 /* Library.swift */ = {isa = PBXFileReference; lastKnownFileType = sourcecode.swift; path = Library.swift; sourceTree = "<group>"; };
		087AEBB92BBBC8BB00394103 /* LiveFriendActivityExtension.appex */ = {isa = PBXFileReference; explicitFileType = "wrapper.app-extension"; includeInIndex = 0; path = LiveFriendActivityExtension.appex; sourceTree = BUILT_PRODUCTS_DIR; };
		087AEBBB2BBBC8BB00394103 /* WidgetKit.framework */ = {isa = PBXFileReference; lastKnownFileType = wrapper.framework; name = WidgetKit.framework; path = System/Library/Frameworks/WidgetKit.framework; sourceTree = SDKROOT; };
		087AEBBD2BBBC8BB00394103 /* SwiftUI.framework */ = {isa = PBXFileReference; lastKnownFileType = wrapper.framework; name = SwiftUI.framework; path = System/Library/Frameworks/SwiftUI.framework; sourceTree = SDKROOT; };
		087AEBC02BBBC8BB00394103 /* LiveFriendActivityBundle.swift */ = {isa = PBXFileReference; lastKnownFileType = sourcecode.swift; path = LiveFriendActivityBundle.swift; sourceTree = "<group>"; };
		087AEBC22BBBC8BB00394103 /* LiveFriendActivityLiveActivity.swift */ = {isa = PBXFileReference; lastKnownFileType = sourcecode.swift; path = LiveFriendActivityLiveActivity.swift; sourceTree = "<group>"; };
		087AEBC42BBBC8BB00394103 /* LiveFriendActivity.swift */ = {isa = PBXFileReference; lastKnownFileType = sourcecode.swift; path = LiveFriendActivity.swift; sourceTree = "<group>"; };
		087AEBC62BBBC8BB00394103 /* AppIntent.swift */ = {isa = PBXFileReference; lastKnownFileType = sourcecode.swift; path = AppIntent.swift; sourceTree = "<group>"; };
		087AEBC82BBBC8BD00394103 /* Assets.xcassets */ = {isa = PBXFileReference; lastKnownFileType = folder.assetcatalog; path = Assets.xcassets; sourceTree = "<group>"; };
		087AEBCA2BBBC8BD00394103 /* Info.plist */ = {isa = PBXFileReference; lastKnownFileType = text.plist.xml; path = Info.plist; sourceTree = "<group>"; };
		087AEBD42BBC8F3E00394103 /* Search.swift */ = {isa = PBXFileReference; lastKnownFileType = sourcecode.swift; path = Search.swift; sourceTree = "<group>"; };
		087AEBD72BBCC7B900394103 /* FriendActivityGreeting.swift */ = {isa = PBXFileReference; lastKnownFileType = sourcecode.swift; path = FriendActivityGreeting.swift; sourceTree = "<group>"; };
		087AEBDD2BBCCE2E00394103 /* SearchGreeting.swift */ = {isa = PBXFileReference; lastKnownFileType = sourcecode.swift; path = SearchGreeting.swift; sourceTree = "<group>"; };
		087AEBDF2BBCCE5500394103 /* LibraryGreeting.swift */ = {isa = PBXFileReference; lastKnownFileType = sourcecode.swift; path = LibraryGreeting.swift; sourceTree = "<group>"; };
		087AEBE12BBCF85000394103 /* FriendActivityCurrentlyListening.swift */ = {isa = PBXFileReference; lastKnownFileType = sourcecode.swift; path = FriendActivityCurrentlyListening.swift; sourceTree = "<group>"; };
		087AEBE32BBCFF0700394103 /* RefreshAuthorization.swift */ = {isa = PBXFileReference; lastKnownFileType = sourcecode.swift; path = RefreshAuthorization.swift; sourceTree = "<group>"; };
		087AEBE52BBD8BB400394103 /* FriendActivityYourFriends.swift */ = {isa = PBXFileReference; lastKnownFileType = sourcecode.swift; path = FriendActivityYourFriends.swift; sourceTree = "<group>"; };
		087AEBF12BBE2A9500394103 /* SF Compact Display.otf */ = {isa = PBXFileReference; lastKnownFileType = file; path = "SF Compact Display.otf"; sourceTree = "<group>"; };
		087AEBF42BBE2A9F00394103 /* SF Pro Display.otf */ = {isa = PBXFileReference; lastKnownFileType = file; path = "SF Pro Display.otf"; sourceTree = "<group>"; };
		087AEBF82BBE770D00394103 /* ImageLoader.swift */ = {isa = PBXFileReference; lastKnownFileType = sourcecode.swift; path = ImageLoader.swift; sourceTree = "<group>"; };
		087AEBFB2BBE7DA200394103 /* WXImageCompress.swift */ = {isa = PBXFileReference; lastKnownFileType = sourcecode.swift; path = WXImageCompress.swift; sourceTree = "<group>"; };
		087C558D2BB3B8C500F45562 /* Preview Assets.xcassets */ = {isa = PBXFileReference; lastKnownFileType = folder.assetcatalog; name = "Preview Assets.xcassets"; path = "../../../ponder/ponder/Preview Content/Preview Assets.xcassets"; sourceTree = "<group>"; };
		08B55F8C2BC4EBBA000B22BC /* LibraryPlaylists.swift */ = {isa = PBXFileReference; lastKnownFileType = sourcecode.swift; path = LibraryPlaylists.swift; sourceTree = "<group>"; };
		08B55F932BC5BCEE000B22BC /* PinItem.swift */ = {isa = PBXFileReference; lastKnownFileType = sourcecode.swift; path = PinItem.swift; sourceTree = "<group>"; };
		08B55F962BC5BE1A000B22BC /* FolderItem.swift */ = {isa = PBXFileReference; lastKnownFileType = sourcecode.swift; path = FolderItem.swift; sourceTree = "<group>"; };
		08B55F992BC5C4D4000B22BC /* InlinePlaylist.swift */ = {isa = PBXFileReference; lastKnownFileType = sourcecode.swift; path = InlinePlaylist.swift; sourceTree = "<group>"; };
		08EC0E952BB3896F00E4F592 /* Lotus.app */ = {isa = PBXFileReference; explicitFileType = wrapper.application; includeInIndex = 0; path = Lotus.app; sourceTree = BUILT_PRODUCTS_DIR; };
		08EC0E982BB3896F00E4F592 /* LotusApp.swift */ = {isa = PBXFileReference; lastKnownFileType = sourcecode.swift; path = LotusApp.swift; sourceTree = "<group>"; };
		08EC0E9A2BB3896F00E4F592 /* ContentView.swift */ = {isa = PBXFileReference; lastKnownFileType = sourcecode.swift; path = ContentView.swift; sourceTree = "<group>"; };
		08EC0E9E2BB3897000E4F592 /* Assets.xcassets */ = {isa = PBXFileReference; lastKnownFileType = folder.assetcatalog; path = Assets.xcassets; sourceTree = "<group>"; };
		08EC0EA02BB3897000E4F592 /* Lotus.entitlements */ = {isa = PBXFileReference; lastKnownFileType = text.plist.entitlements; path = Lotus.entitlements; sourceTree = "<group>"; };
		08EC0EA92BB3899600E4F592 /* OpenSpotifyAPI.swift */ = {isa = PBXFileReference; lastKnownFileType = sourcecode.swift; path = OpenSpotifyAPI.swift; sourceTree = "<group>"; };
		08EC0EAB2BB38E5D00E4F592 /* CookieFinder.swift */ = {isa = PBXFileReference; lastKnownFileType = sourcecode.swift; path = CookieFinder.swift; sourceTree = "<group>"; };
		08EC0EAD2BB3908600E4F592 /* ObservableDefaults.swift */ = {isa = PBXFileReference; lastKnownFileType = sourcecode.swift; path = ObservableDefaults.swift; sourceTree = "<group>"; };
		08EC0EAF2BB3B2EF00E4F592 /* NavigationBar.swift */ = {isa = PBXFileReference; lastKnownFileType = sourcecode.swift; path = NavigationBar.swift; sourceTree = "<group>"; };
		08FFD2F02BB8B505008DFA7D /* Spotify.swift */ = {isa = PBXFileReference; lastKnownFileType = sourcecode.swift; path = Spotify.swift; sourceTree = "<group>"; };
		08FFD2F52BB8BAD1008DFA7D /* AlertItem.swift */ = {isa = PBXFileReference; lastKnownFileType = sourcecode.swift; path = AlertItem.swift; sourceTree = "<group>"; };
		08FFD2F72BB9EC6E008DFA7D /* Newake.otf */ = {isa = PBXFileReference; lastKnownFileType = file; path = Newake.otf; sourceTree = "<group>"; };
		08FFD2F92BB9F3EB008DFA7D /* ExpandingText.swift */ = {isa = PBXFileReference; lastKnownFileType = sourcecode.swift; path = ExpandingText.swift; sourceTree = "<group>"; };
		08FFD2FC2BBA3E9D008DFA7D /* LoungeGreeting.swift */ = {isa = PBXFileReference; lastKnownFileType = sourcecode.swift; path = LoungeGreeting.swift; sourceTree = "<group>"; };
		08FFD2FE2BBA3F67008DFA7D /* LoungeMostPlayed.swift */ = {isa = PBXFileReference; lastKnownFileType = sourcecode.swift; path = LoungeMostPlayed.swift; sourceTree = "<group>"; };
		08FFD3002BBA483D008DFA7D /* LoungeHopBackIn.swift */ = {isa = PBXFileReference; lastKnownFileType = sourcecode.swift; path = LoungeHopBackIn.swift; sourceTree = "<group>"; };
		08FFD3022BBA5D33008DFA7D /* CustomTabView.swift */ = {isa = PBXFileReference; lastKnownFileType = sourcecode.swift; path = CustomTabView.swift; sourceTree = "<group>"; };
		08FFD3082BBB060E008DFA7D /* View+ReceiveTimer.swift */ = {isa = PBXFileReference; fileEncoding = 4; lastKnownFileType = sourcecode.swift; path = "View+ReceiveTimer.swift"; sourceTree = "<group>"; };
		08FFD3092BBB060F008DFA7D /* ACarousel.swift */ = {isa = PBXFileReference; fileEncoding = 4; lastKnownFileType = sourcecode.swift; path = ACarousel.swift; sourceTree = "<group>"; };
		08FFD30A2BBB060F008DFA7D /* ACarouselAutoScroll.swift */ = {isa = PBXFileReference; fileEncoding = 4; lastKnownFileType = sourcecode.swift; path = ACarouselAutoScroll.swift; sourceTree = "<group>"; };
		08FFD30B2BBB060F008DFA7D /* ACarouselViewModel.swift */ = {isa = PBXFileReference; fileEncoding = 4; lastKnownFileType = sourcecode.swift; path = ACarouselViewModel.swift; sourceTree = "<group>"; };
		08FFD30C2BBB060F008DFA7D /* AppLifeCycleModifier.swift */ = {isa = PBXFileReference; fileEncoding = 4; lastKnownFileType = sourcecode.swift; path = AppLifeCycleModifier.swift; sourceTree = "<group>"; };
/* End PBXFileReference section */

/* Begin PBXFrameworksBuildPhase section */
		087AEBB62BBBC8BB00394103 /* Frameworks */ = {
			isa = PBXFrameworksBuildPhase;
			buildActionMask = 2147483647;
			files = (
				087AEBBE2BBBC8BB00394103 /* SwiftUI.framework in Frameworks */,
				087AEBEF2BBE281600394103 /* SteadmanUI in Frameworks */,
				087AEBBC2BBBC8BB00394103 /* WidgetKit.framework in Frameworks */,
			);
			runOnlyForDeploymentPostprocessing = 0;
		};
		08EC0E922BB3896F00E4F592 /* Frameworks */ = {
			isa = PBXFrameworksBuildPhase;
			buildActionMask = 2147483647;
			files = (
				081F80F02BB5F72100D0D723 /* ViewExtractor in Frameworks */,
				081F80EE2BB5F70E00D0D723 /* SteadmanUI in Frameworks */,
				08FFD3142BBB4B3C008DFA7D /* SpotifyAPI in Frameworks */,
				081F80F22BB5F72800D0D723 /* SwiftSoup in Frameworks */,
				08FFD2F42BB8B827008DFA7D /* KeychainAccess in Frameworks */,
			);
			runOnlyForDeploymentPostprocessing = 0;
		};
/* End PBXFrameworksBuildPhase section */

/* Begin PBXGroup section */
		081F80F52BB608F500D0D723 /* Fonts */ = {
			isa = PBXGroup;
			children = (
				087AEBF12BBE2A9500394103 /* SF Compact Display.otf */,
				087AEBF42BBE2A9F00394103 /* SF Pro Display.otf */,
				08FFD2F72BB9EC6E008DFA7D /* Newake.otf */,
				081F811B2BB6201F00D0D723 /* Times New Roman Condensed.otf */,
				081F811D2BB620A700D0D723 /* Times New Roman Condensed Italic.otf */,
				081F811F2BB6249800D0D723 /* Times New Roman Condensed Bold.otf */,
			);
			path = Fonts;
			sourceTree = "<group>";
		};
		087587E32BB4987600DFCA82 /* Navigation Views */ = {
			isa = PBXGroup;
			children = (
				087587E42BB4989000DFCA82 /* Home.swift */,
				087587E62BB4CE9700DFCA82 /* FriendActivity.swift */,
				087AEBD42BBC8F3E00394103 /* Search.swift */,
				087587EF2BB5055E00DFCA82 /* Library.swift */,
			);
			path = "Navigation Views";
			sourceTree = "<group>";
		};
		087AEBBA2BBBC8BB00394103 /* Frameworks */ = {
			isa = PBXGroup;
			children = (
				087AEBBB2BBBC8BB00394103 /* WidgetKit.framework */,
				087AEBBD2BBBC8BB00394103 /* SwiftUI.framework */,
			);
			name = Frameworks;
			sourceTree = "<group>";
		};
		087AEBBF2BBBC8BB00394103 /* LiveFriendActivity */ = {
			isa = PBXGroup;
			children = (
				087AEBC02BBBC8BB00394103 /* LiveFriendActivityBundle.swift */,
				087AEBC22BBBC8BB00394103 /* LiveFriendActivityLiveActivity.swift */,
				087AEBC42BBBC8BB00394103 /* LiveFriendActivity.swift */,
				087AEBC62BBBC8BB00394103 /* AppIntent.swift */,
				087AEBC82BBBC8BD00394103 /* Assets.xcassets */,
				087AEBCA2BBBC8BD00394103 /* Info.plist */,
			);
			path = LiveFriendActivity;
			sourceTree = "<group>";
		};
		087AEBD62BBCC79200394103 /* FriendActivityViews */ = {
			isa = PBXGroup;
			children = (
				087AEBD72BBCC7B900394103 /* FriendActivityGreeting.swift */,
				087AEBE12BBCF85000394103 /* FriendActivityCurrentlyListening.swift */,
				087AEBE52BBD8BB400394103 /* FriendActivityYourFriends.swift */,
			);
			path = FriendActivityViews;
			sourceTree = "<group>";
		};
		087AEBDB2BBCCE0E00394103 /* Search Views */ = {
			isa = PBXGroup;
			children = (
				087AEBDD2BBCCE2E00394103 /* SearchGreeting.swift */,
			);
			path = "Search Views";
			sourceTree = "<group>";
		};
		087AEBDC2BBCCE1B00394103 /* Library Views */ = {
			isa = PBXGroup;
			children = (
				087AEBDF2BBCCE5500394103 /* LibraryGreeting.swift */,
				08B55F8C2BC4EBBA000B22BC /* LibraryPlaylists.swift */,
			);
			path = "Library Views";
			sourceTree = "<group>";
		};
		087C558A2BB3B88300F45562 /* Preview Content */ = {
			isa = PBXGroup;
			children = (
				087C558D2BB3B8C500F45562 /* Preview Assets.xcassets */,
			);
			path = "Preview Content";
			sourceTree = "<group>";
		};
		08B55F8E2BC5BC31000B22BC /* Spotify */ = {
			isa = PBXGroup;
			children = (
				08FFD2F02BB8B505008DFA7D /* Spotify.swift */,
				08EC0EA92BB3899600E4F592 /* OpenSpotifyAPI.swift */,
				087587E82BB4D04100DFCA82 /* SpotifyWebAPI.swift */,
				087AEBE32BBCFF0700394103 /* RefreshAuthorization.swift */,
			);
			path = Spotify;
			sourceTree = "<group>";
		};
		08B55F912BC5BC60000B22BC /* Helper Views */ = {
			isa = PBXGroup;
			children = (
				08FFD3022BBA5D33008DFA7D /* CustomTabView.swift */,
				08EC0EAB2BB38E5D00E4F592 /* CookieFinder.swift */,
				08EC0EAF2BB3B2EF00E4F592 /* NavigationBar.swift */,
				08FFD2F92BB9F3EB008DFA7D /* ExpandingText.swift */,
			);
			path = "Helper Views";
			sourceTree = "<group>";
		};
		08B55F922BC5BC89000B22BC /* Helper Classes */ = {
			isa = PBXGroup;
			children = (
				087AEBF82BBE770D00394103 /* ImageLoader.swift */,
				087AEBFB2BBE7DA200394103 /* WXImageCompress.swift */,
				08FFD2F52BB8BAD1008DFA7D /* AlertItem.swift */,
				081F80F32BB6088900D0D723 /* Extensions.swift */,
				08EC0EAD2BB3908600E4F592 /* ObservableDefaults.swift */,
			);
			path = "Helper Classes";
			sourceTree = "<group>";
		};
		08B55F952BC5BE06000B22BC /* SwiftData Models */ = {
			isa = PBXGroup;
			children = (
				08B55F932BC5BCEE000B22BC /* PinItem.swift */,
				08B55F962BC5BE1A000B22BC /* FolderItem.swift */,
			);
			path = "SwiftData Models";
			sourceTree = "<group>";
		};
		08B55F9B2BC5C4F3000B22BC /* Spotify Views */ = {
			isa = PBXGroup;
			children = (
				08B55F992BC5C4D4000B22BC /* InlinePlaylist.swift */,
			);
			path = "Spotify Views";
			sourceTree = "<group>";
		};
		08EC0E8C2BB3896F00E4F592 = {
			isa = PBXGroup;
			children = (
				08B55F952BC5BE06000B22BC /* SwiftData Models */,
				08EC0E972BB3896F00E4F592 /* Lotus */,
				087AEBBF2BBBC8BB00394103 /* LiveFriendActivity */,
				087AEBBA2BBBC8BB00394103 /* Frameworks */,
				08EC0E962BB3896F00E4F592 /* Products */,
			);
			sourceTree = "<group>";
		};
		08EC0E962BB3896F00E4F592 /* Products */ = {
			isa = PBXGroup;
			children = (
				08EC0E952BB3896F00E4F592 /* Lotus.app */,
				087AEBB92BBBC8BB00394103 /* LiveFriendActivityExtension.appex */,
			);
			name = Products;
			sourceTree = "<group>";
		};
		08EC0E972BB3896F00E4F592 /* Lotus */ = {
			isa = PBXGroup;
			children = (
				08B55F922BC5BC89000B22BC /* Helper Classes */,
				08B55F912BC5BC60000B22BC /* Helper Views */,
				08B55F8E2BC5BC31000B22BC /* Spotify */,
				08B55F9B2BC5C4F3000B22BC /* Spotify Views */,
				08FFD3072BBB05FB008DFA7D /* Carousel */,
				08FFD2FB2BBA3E8D008DFA7D /* Lounge Views */,
				087AEBD62BBCC79200394103 /* FriendActivityViews */,
				087AEBDB2BBCCE0E00394103 /* Search Views */,
				087AEBDC2BBCCE1B00394103 /* Library Views */,
				081F80FE2BB6096900D0D723 /* Info.plist */,
				081F80F52BB608F500D0D723 /* Fonts */,
				087587E32BB4987600DFCA82 /* Navigation Views */,
				08EC0E982BB3896F00E4F592 /* LotusApp.swift */,
				08EC0E9A2BB3896F00E4F592 /* ContentView.swift */,
				08EC0E9E2BB3897000E4F592 /* Assets.xcassets */,
				08EC0EA02BB3897000E4F592 /* Lotus.entitlements */,
				087C558A2BB3B88300F45562 /* Preview Content */,
				087587EA2BB5037C00DFCA82 /* SimilarSongFinder.swift */,
			);
			path = Lotus;
			sourceTree = "<group>";
		};
		08FFD2FB2BBA3E8D008DFA7D /* Lounge Views */ = {
			isa = PBXGroup;
			children = (
				08FFD2FC2BBA3E9D008DFA7D /* LoungeGreeting.swift */,
				08FFD2FE2BBA3F67008DFA7D /* LoungeMostPlayed.swift */,
				08FFD3002BBA483D008DFA7D /* LoungeHopBackIn.swift */,
			);
			path = "Lounge Views";
			sourceTree = "<group>";
		};
		08FFD3072BBB05FB008DFA7D /* Carousel */ = {
			isa = PBXGroup;
			children = (
				08FFD3092BBB060F008DFA7D /* ACarousel.swift */,
				08FFD30A2BBB060F008DFA7D /* ACarouselAutoScroll.swift */,
				08FFD30B2BBB060F008DFA7D /* ACarouselViewModel.swift */,
				08FFD30C2BBB060F008DFA7D /* AppLifeCycleModifier.swift */,
				08FFD3082BBB060E008DFA7D /* View+ReceiveTimer.swift */,
			);
			path = Carousel;
			sourceTree = "<group>";
		};
/* End PBXGroup section */

/* Begin PBXNativeTarget section */
		087AEBB82BBBC8BB00394103 /* LiveFriendActivityExtension */ = {
			isa = PBXNativeTarget;
			buildConfigurationList = 087AEBCE2BBBC8BD00394103 /* Build configuration list for PBXNativeTarget "LiveFriendActivityExtension" */;
			buildPhases = (
				087AEBB52BBBC8BB00394103 /* Sources */,
				087AEBB62BBBC8BB00394103 /* Frameworks */,
				087AEBB72BBBC8BB00394103 /* Resources */,
			);
			buildRules = (
			);
			dependencies = (
			);
			name = LiveFriendActivityExtension;
			packageProductDependencies = (
				087AEBEE2BBE281600394103 /* SteadmanUI */,
			);
			productName = LiveFriendActivityExtension;
			productReference = 087AEBB92BBBC8BB00394103 /* LiveFriendActivityExtension.appex */;
			productType = "com.apple.product-type.app-extension";
		};
		08EC0E942BB3896F00E4F592 /* Lotus */ = {
			isa = PBXNativeTarget;
			buildConfigurationList = 08EC0EA62BB3897000E4F592 /* Build configuration list for PBXNativeTarget "Lotus" */;
			buildPhases = (
				08EC0E912BB3896F00E4F592 /* Sources */,
				08EC0E922BB3896F00E4F592 /* Frameworks */,
				08EC0E932BB3896F00E4F592 /* Resources */,
				087AEBD12BBBC8BD00394103 /* Embed Foundation Extensions */,
			);
			buildRules = (
			);
			dependencies = (
				087AEBCC2BBBC8BD00394103 /* PBXTargetDependency */,
			);
			name = Lotus;
			packageProductDependencies = (
				081F80ED2BB5F70E00D0D723 /* SteadmanUI */,
				081F80EF2BB5F72100D0D723 /* ViewExtractor */,
				081F80F12BB5F72800D0D723 /* SwiftSoup */,
				08FFD2F32BB8B827008DFA7D /* KeychainAccess */,
				08FFD3132BBB4B3C008DFA7D /* SpotifyAPI */,
			);
			productName = Lotus;
			productReference = 08EC0E952BB3896F00E4F592 /* Lotus.app */;
			productType = "com.apple.product-type.application";
		};
/* End PBXNativeTarget section */

/* Begin PBXProject section */
		08EC0E8D2BB3896F00E4F592 /* Project object */ = {
			isa = PBXProject;
			attributes = {
				BuildIndependentTargetsInParallel = 1;
				LastSwiftUpdateCheck = 1530;
				LastUpgradeCheck = 1530;
				TargetAttributes = {
					087AEBB82BBBC8BB00394103 = {
						CreatedOnToolsVersion = 15.3;
					};
					08EC0E942BB3896F00E4F592 = {
						CreatedOnToolsVersion = 15.3;
					};
				};
			};
			buildConfigurationList = 08EC0E902BB3896F00E4F592 /* Build configuration list for PBXProject "Lotus" */;
			compatibilityVersion = "Xcode 14.0";
			developmentRegion = en;
			hasScannedForEncodings = 0;
			knownRegions = (
				en,
				Base,
			);
			mainGroup = 08EC0E8C2BB3896F00E4F592;
			packageReferences = (
				087C55872BB3B7F200F45562 /* XCRemoteSwiftPackageReference "steadmanui" */,
				087C558F2BB3B98000F45562 /* XCRemoteSwiftPackageReference "ViewExtractor" */,
				087587EC2BB503C800DFCA82 /* XCRemoteSwiftPackageReference "SwiftSoup" */,
				08FFD2F22BB8B827008DFA7D /* XCRemoteSwiftPackageReference "KeychainAccess" */,
				08FFD3122BBB4B3C008DFA7D /* XCRemoteSwiftPackageReference "SpotifyAPI" */,
			);
			productRefGroup = 08EC0E962BB3896F00E4F592 /* Products */;
			projectDirPath = "";
			projectRoot = "";
			targets = (
				08EC0E942BB3896F00E4F592 /* Lotus */,
				087AEBB82BBBC8BB00394103 /* LiveFriendActivityExtension */,
			);
		};
/* End PBXProject section */

/* Begin PBXResourcesBuildPhase section */
		087AEBB72BBBC8BB00394103 /* Resources */ = {
			isa = PBXResourcesBuildPhase;
			buildActionMask = 2147483647;
			files = (
				087AEBC92BBBC8BD00394103 /* Assets.xcassets in Resources */,
				087AEBF32BBE2A9500394103 /* SF Compact Display.otf in Resources */,
				087AEBF62BBE2A9F00394103 /* SF Pro Display.otf in Resources */,
				087AEBED2BBE280A00394103 /* Assets.xcassets in Resources */,
			);
			runOnlyForDeploymentPostprocessing = 0;
		};
		08EC0E932BB3896F00E4F592 /* Resources */ = {
			isa = PBXResourcesBuildPhase;
			buildActionMask = 2147483647;
			files = (
				081F81202BB6249800D0D723 /* Times New Roman Condensed Bold.otf in Resources */,
				087AEBF52BBE2A9F00394103 /* SF Pro Display.otf in Resources */,
				08FFD2F82BB9EC6E008DFA7D /* Newake.otf in Resources */,
				087C558E2BB3B8C500F45562 /* Preview Assets.xcassets in Resources */,
				08EC0E9F2BB3897000E4F592 /* Assets.xcassets in Resources */,
				081F811E2BB620A700D0D723 /* Times New Roman Condensed Italic.otf in Resources */,
				087AEBF22BBE2A9500394103 /* SF Compact Display.otf in Resources */,
				081F811C2BB6201F00D0D723 /* Times New Roman Condensed.otf in Resources */,
			);
			runOnlyForDeploymentPostprocessing = 0;
		};
/* End PBXResourcesBuildPhase section */

/* Begin PBXSourcesBuildPhase section */
		087AEBB52BBBC8BB00394103 /* Sources */ = {
			isa = PBXSourcesBuildPhase;
			buildActionMask = 2147483647;
			files = (
				08B55F982BC5C1C4000B22BC /* Extensions.swift in Sources */,
				087AEBC12BBBC8BB00394103 /* LiveFriendActivityBundle.swift in Sources */,
				087AEBC72BBBC8BB00394103 /* AppIntent.swift in Sources */,
				087AEBC32BBBC8BB00394103 /* LiveFriendActivityLiveActivity.swift in Sources */,
				087AEBC52BBBC8BB00394103 /* LiveFriendActivity.swift in Sources */,
			);
			runOnlyForDeploymentPostprocessing = 0;
		};
		08EC0E912BB3896F00E4F592 /* Sources */ = {
			isa = PBXSourcesBuildPhase;
			buildActionMask = 2147483647;
			files = (
				08EC0E9B2BB3896F00E4F592 /* ContentView.swift in Sources */,
				087AEBF72BBE740E00394103 /* LiveFriendActivityLiveActivity.swift in Sources */,
				08FFD2F12BB8B505008DFA7D /* Spotify.swift in Sources */,
				08B55F972BC5BE1A000B22BC /* FolderItem.swift in Sources */,
				08EC0EAC2BB38E5D00E4F592 /* CookieFinder.swift in Sources */,
				08EC0E992BB3896F00E4F592 /* LotusApp.swift in Sources */,
				087AEBF92BBE770D00394103 /* ImageLoader.swift in Sources */,
				08FFD3032BBA5D33008DFA7D /* CustomTabView.swift in Sources */,
				087587E92BB4D04100DFCA82 /* SpotifyWebAPI.swift in Sources */,
				087587EB2BB5037C00DFCA82 /* SimilarSongFinder.swift in Sources */,
				08FFD2FF2BBA3F67008DFA7D /* LoungeMostPlayed.swift in Sources */,
				08B55F942BC5BCEE000B22BC /* PinItem.swift in Sources */,
				08FFD30D2BBB060F008DFA7D /* View+ReceiveTimer.swift in Sources */,
				087AEBE42BBCFF0700394103 /* RefreshAuthorization.swift in Sources */,
				08EC0EAE2BB3908600E4F592 /* ObservableDefaults.swift in Sources */,
				08FFD2F62BB8BAD1008DFA7D /* AlertItem.swift in Sources */,
				087AEBE62BBD8BB400394103 /* FriendActivityYourFriends.swift in Sources */,
				08FFD3102BBB060F008DFA7D /* ACarouselViewModel.swift in Sources */,
				087587E72BB4CE9700DFCA82 /* FriendActivity.swift in Sources */,
				087AEBD82BBCC7B900394103 /* FriendActivityGreeting.swift in Sources */,
				08B55F8D2BC4EBBA000B22BC /* LibraryPlaylists.swift in Sources */,
				087AEBE02BBCCE5500394103 /* LibraryGreeting.swift in Sources */,
				08FFD3112BBB060F008DFA7D /* AppLifeCycleModifier.swift in Sources */,
				087AEBFC2BBE7DA200394103 /* WXImageCompress.swift in Sources */,
				08FFD2FA2BB9F3EB008DFA7D /* ExpandingText.swift in Sources */,
				081F80F42BB6088900D0D723 /* Extensions.swift in Sources */,
				08EC0EAA2BB3899600E4F592 /* OpenSpotifyAPI.swift in Sources */,
				08EC0EB02BB3B2EF00E4F592 /* NavigationBar.swift in Sources */,
				087587E52BB4989000DFCA82 /* Home.swift in Sources */,
				08FFD2FD2BBA3E9D008DFA7D /* LoungeGreeting.swift in Sources */,
				087587F02BB5055E00DFCA82 /* Library.swift in Sources */,
				08FFD30E2BBB060F008DFA7D /* ACarousel.swift in Sources */,
				087AEBD52BBC8F3E00394103 /* Search.swift in Sources */,
				087AEBDE2BBCCE2E00394103 /* SearchGreeting.swift in Sources */,
				08FFD3012BBA483D008DFA7D /* LoungeHopBackIn.swift in Sources */,
				087AEBE22BBCF85000394103 /* FriendActivityCurrentlyListening.swift in Sources */,
				08B55F9A2BC5C4D4000B22BC /* InlinePlaylist.swift in Sources */,
				08FFD30F2BBB060F008DFA7D /* ACarouselAutoScroll.swift in Sources */,
			);
			runOnlyForDeploymentPostprocessing = 0;
		};
/* End PBXSourcesBuildPhase section */

/* Begin PBXTargetDependency section */
		087AEBCC2BBBC8BD00394103 /* PBXTargetDependency */ = {
			isa = PBXTargetDependency;
			target = 087AEBB82BBBC8BB00394103 /* LiveFriendActivityExtension */;
			targetProxy = 087AEBCB2BBBC8BD00394103 /* PBXContainerItemProxy */;
		};
/* End PBXTargetDependency section */

/* Begin XCBuildConfiguration section */
		087AEBCF2BBBC8BD00394103 /* Debug */ = {
			isa = XCBuildConfiguration;
			buildSettings = {
				ASSETCATALOG_COMPILER_GLOBAL_ACCENT_COLOR_NAME = AccentColor;
				ASSETCATALOG_COMPILER_WIDGET_BACKGROUND_COLOR_NAME = WidgetBackground;
				CODE_SIGN_STYLE = Automatic;
				CURRENT_PROJECT_VERSION = 1;
				DEVELOPMENT_TEAM = 925J898556;
				GENERATE_INFOPLIST_FILE = YES;
				INFOPLIST_FILE = LiveFriendActivity/Info.plist;
				INFOPLIST_KEY_CFBundleDisplayName = LiveFriendActivity;
				INFOPLIST_KEY_NSHumanReadableCopyright = "";
				IPHONEOS_DEPLOYMENT_TARGET = 17.4;
				LD_RUNPATH_SEARCH_PATHS = (
					"$(inherited)",
					"@executable_path/Frameworks",
					"@executable_path/../../Frameworks",
				);
				MARKETING_VERSION = 1.0;
				PRODUCT_BUNDLE_IDENTIFIER = com.spence.Lotus.LiveFriendActivity;
				PRODUCT_NAME = "$(TARGET_NAME)";
				SDKROOT = iphoneos;
				SKIP_INSTALL = YES;
				SWIFT_EMIT_LOC_STRINGS = YES;
				SWIFT_VERSION = 5.0;
				TARGETED_DEVICE_FAMILY = "1,2";
			};
			name = Debug;
		};
		087AEBD02BBBC8BD00394103 /* Release */ = {
			isa = XCBuildConfiguration;
			buildSettings = {
				ASSETCATALOG_COMPILER_GLOBAL_ACCENT_COLOR_NAME = AccentColor;
				ASSETCATALOG_COMPILER_WIDGET_BACKGROUND_COLOR_NAME = WidgetBackground;
				CODE_SIGN_STYLE = Automatic;
				CURRENT_PROJECT_VERSION = 1;
				DEVELOPMENT_TEAM = 925J898556;
				GENERATE_INFOPLIST_FILE = YES;
				INFOPLIST_FILE = LiveFriendActivity/Info.plist;
				INFOPLIST_KEY_CFBundleDisplayName = LiveFriendActivity;
				INFOPLIST_KEY_NSHumanReadableCopyright = "";
				IPHONEOS_DEPLOYMENT_TARGET = 17.4;
				LD_RUNPATH_SEARCH_PATHS = (
					"$(inherited)",
					"@executable_path/Frameworks",
					"@executable_path/../../Frameworks",
				);
				MARKETING_VERSION = 1.0;
				PRODUCT_BUNDLE_IDENTIFIER = com.spence.Lotus.LiveFriendActivity;
				PRODUCT_NAME = "$(TARGET_NAME)";
				SDKROOT = iphoneos;
				SKIP_INSTALL = YES;
				SWIFT_EMIT_LOC_STRINGS = YES;
				SWIFT_VERSION = 5.0;
				TARGETED_DEVICE_FAMILY = "1,2";
				VALIDATE_PRODUCT = YES;
			};
			name = Release;
		};
		08EC0EA42BB3897000E4F592 /* Debug */ = {
			isa = XCBuildConfiguration;
			buildSettings = {
				ALWAYS_SEARCH_USER_PATHS = NO;
				ASSETCATALOG_COMPILER_GENERATE_SWIFT_ASSET_SYMBOL_EXTENSIONS = YES;
				CLANG_ANALYZER_NONNULL = YES;
				CLANG_ANALYZER_NUMBER_OBJECT_CONVERSION = YES_AGGRESSIVE;
				CLANG_CXX_LANGUAGE_STANDARD = "gnu++20";
				CLANG_ENABLE_MODULES = YES;
				CLANG_ENABLE_OBJC_ARC = YES;
				CLANG_ENABLE_OBJC_WEAK = YES;
				CLANG_WARN_BLOCK_CAPTURE_AUTORELEASING = YES;
				CLANG_WARN_BOOL_CONVERSION = YES;
				CLANG_WARN_COMMA = YES;
				CLANG_WARN_CONSTANT_CONVERSION = YES;
				CLANG_WARN_DEPRECATED_OBJC_IMPLEMENTATIONS = YES;
				CLANG_WARN_DIRECT_OBJC_ISA_USAGE = YES_ERROR;
				CLANG_WARN_DOCUMENTATION_COMMENTS = YES;
				CLANG_WARN_EMPTY_BODY = YES;
				CLANG_WARN_ENUM_CONVERSION = YES;
				CLANG_WARN_INFINITE_RECURSION = YES;
				CLANG_WARN_INT_CONVERSION = YES;
				CLANG_WARN_NON_LITERAL_NULL_CONVERSION = YES;
				CLANG_WARN_OBJC_IMPLICIT_RETAIN_SELF = YES;
				CLANG_WARN_OBJC_LITERAL_CONVERSION = YES;
				CLANG_WARN_OBJC_ROOT_CLASS = YES_ERROR;
				CLANG_WARN_QUOTED_INCLUDE_IN_FRAMEWORK_HEADER = YES;
				CLANG_WARN_RANGE_LOOP_ANALYSIS = YES;
				CLANG_WARN_STRICT_PROTOTYPES = YES;
				CLANG_WARN_SUSPICIOUS_MOVE = YES;
				CLANG_WARN_UNGUARDED_AVAILABILITY = YES_AGGRESSIVE;
				CLANG_WARN_UNREACHABLE_CODE = YES;
				CLANG_WARN__DUPLICATE_METHOD_MATCH = YES;
				COPY_PHASE_STRIP = NO;
				DEBUG_INFORMATION_FORMAT = dwarf;
				ENABLE_STRICT_OBJC_MSGSEND = YES;
				ENABLE_TESTABILITY = YES;
				ENABLE_USER_SCRIPT_SANDBOXING = YES;
				GCC_C_LANGUAGE_STANDARD = gnu17;
				GCC_DYNAMIC_NO_PIC = NO;
				GCC_NO_COMMON_BLOCKS = YES;
				GCC_OPTIMIZATION_LEVEL = 0;
				GCC_PREPROCESSOR_DEFINITIONS = (
					"DEBUG=1",
					"$(inherited)",
				);
				GCC_WARN_64_TO_32_BIT_CONVERSION = YES;
				GCC_WARN_ABOUT_RETURN_TYPE = YES_ERROR;
				GCC_WARN_UNDECLARED_SELECTOR = YES;
				GCC_WARN_UNINITIALIZED_AUTOS = YES_AGGRESSIVE;
				GCC_WARN_UNUSED_FUNCTION = YES;
				GCC_WARN_UNUSED_VARIABLE = YES;
				LOCALIZATION_PREFERS_STRING_CATALOGS = YES;
				MTL_ENABLE_DEBUG_INFO = INCLUDE_SOURCE;
				MTL_FAST_MATH = YES;
				ONLY_ACTIVE_ARCH = YES;
				SWIFT_ACTIVE_COMPILATION_CONDITIONS = "DEBUG $(inherited)";
				SWIFT_OPTIMIZATION_LEVEL = "-Onone";
			};
			name = Debug;
		};
		08EC0EA52BB3897000E4F592 /* Release */ = {
			isa = XCBuildConfiguration;
			buildSettings = {
				ALWAYS_SEARCH_USER_PATHS = NO;
				ASSETCATALOG_COMPILER_GENERATE_SWIFT_ASSET_SYMBOL_EXTENSIONS = YES;
				CLANG_ANALYZER_NONNULL = YES;
				CLANG_ANALYZER_NUMBER_OBJECT_CONVERSION = YES_AGGRESSIVE;
				CLANG_CXX_LANGUAGE_STANDARD = "gnu++20";
				CLANG_ENABLE_MODULES = YES;
				CLANG_ENABLE_OBJC_ARC = YES;
				CLANG_ENABLE_OBJC_WEAK = YES;
				CLANG_WARN_BLOCK_CAPTURE_AUTORELEASING = YES;
				CLANG_WARN_BOOL_CONVERSION = YES;
				CLANG_WARN_COMMA = YES;
				CLANG_WARN_CONSTANT_CONVERSION = YES;
				CLANG_WARN_DEPRECATED_OBJC_IMPLEMENTATIONS = YES;
				CLANG_WARN_DIRECT_OBJC_ISA_USAGE = YES_ERROR;
				CLANG_WARN_DOCUMENTATION_COMMENTS = YES;
				CLANG_WARN_EMPTY_BODY = YES;
				CLANG_WARN_ENUM_CONVERSION = YES;
				CLANG_WARN_INFINITE_RECURSION = YES;
				CLANG_WARN_INT_CONVERSION = YES;
				CLANG_WARN_NON_LITERAL_NULL_CONVERSION = YES;
				CLANG_WARN_OBJC_IMPLICIT_RETAIN_SELF = YES;
				CLANG_WARN_OBJC_LITERAL_CONVERSION = YES;
				CLANG_WARN_OBJC_ROOT_CLASS = YES_ERROR;
				CLANG_WARN_QUOTED_INCLUDE_IN_FRAMEWORK_HEADER = YES;
				CLANG_WARN_RANGE_LOOP_ANALYSIS = YES;
				CLANG_WARN_STRICT_PROTOTYPES = YES;
				CLANG_WARN_SUSPICIOUS_MOVE = YES;
				CLANG_WARN_UNGUARDED_AVAILABILITY = YES_AGGRESSIVE;
				CLANG_WARN_UNREACHABLE_CODE = YES;
				CLANG_WARN__DUPLICATE_METHOD_MATCH = YES;
				COPY_PHASE_STRIP = NO;
				DEBUG_INFORMATION_FORMAT = "dwarf-with-dsym";
				ENABLE_NS_ASSERTIONS = NO;
				ENABLE_STRICT_OBJC_MSGSEND = YES;
				ENABLE_USER_SCRIPT_SANDBOXING = YES;
				GCC_C_LANGUAGE_STANDARD = gnu17;
				GCC_NO_COMMON_BLOCKS = YES;
				GCC_WARN_64_TO_32_BIT_CONVERSION = YES;
				GCC_WARN_ABOUT_RETURN_TYPE = YES_ERROR;
				GCC_WARN_UNDECLARED_SELECTOR = YES;
				GCC_WARN_UNINITIALIZED_AUTOS = YES_AGGRESSIVE;
				GCC_WARN_UNUSED_FUNCTION = YES;
				GCC_WARN_UNUSED_VARIABLE = YES;
				LOCALIZATION_PREFERS_STRING_CATALOGS = YES;
				MTL_ENABLE_DEBUG_INFO = NO;
				MTL_FAST_MATH = YES;
				SWIFT_COMPILATION_MODE = wholemodule;
			};
			name = Release;
		};
		08EC0EA72BB3897000E4F592 /* Debug */ = {
			isa = XCBuildConfiguration;
			buildSettings = {
				ALWAYS_EMBED_SWIFT_STANDARD_LIBRARIES = YES;
				ASSETCATALOG_COMPILER_APPICON_NAME = AppIcon;
				ASSETCATALOG_COMPILER_GLOBAL_ACCENT_COLOR_NAME = AccentColor;
				CODE_SIGN_ENTITLEMENTS = Lotus/Lotus.entitlements;
				CODE_SIGN_STYLE = Automatic;
				CURRENT_PROJECT_VERSION = 1;
				DEVELOPMENT_ASSET_PATHS = "\"Lotus/Preview Content\"";
				DEVELOPMENT_TEAM = 925J898556;
				ENABLE_HARDENED_RUNTIME = YES;
				ENABLE_PREVIEWS = YES;
				GENERATE_INFOPLIST_FILE = YES;
				INFOPLIST_FILE = Lotus/Info.plist;
				INFOPLIST_KEY_CFBundleDisplayName = Lotus;
				INFOPLIST_KEY_LSApplicationCategoryType = "public.app-category.music";
				INFOPLIST_KEY_NSSupportsLiveActivities = YES;
				"INFOPLIST_KEY_UIApplicationSceneManifest_Generation[sdk=iphoneos*]" = YES;
				"INFOPLIST_KEY_UIApplicationSceneManifest_Generation[sdk=iphonesimulator*]" = YES;
				"INFOPLIST_KEY_UIApplicationSupportsIndirectInputEvents[sdk=iphoneos*]" = YES;
				"INFOPLIST_KEY_UIApplicationSupportsIndirectInputEvents[sdk=iphonesimulator*]" = YES;
				"INFOPLIST_KEY_UILaunchScreen_Generation[sdk=iphoneos*]" = YES;
				"INFOPLIST_KEY_UILaunchScreen_Generation[sdk=iphonesimulator*]" = YES;
				"INFOPLIST_KEY_UIStatusBarStyle[sdk=iphoneos*]" = UIStatusBarStyleDefault;
				"INFOPLIST_KEY_UIStatusBarStyle[sdk=iphonesimulator*]" = UIStatusBarStyleDefault;
				INFOPLIST_KEY_UISupportedInterfaceOrientations = UIInterfaceOrientationPortrait;
				INFOPLIST_KEY_UISupportedInterfaceOrientations_iPad = "UIInterfaceOrientationLandscapeLeft UIInterfaceOrientationLandscapeRight UIInterfaceOrientationPortrait UIInterfaceOrientationPortraitUpsideDown";
				IPHONEOS_DEPLOYMENT_TARGET = 17.4;
				LD_RUNPATH_SEARCH_PATHS = "@executable_path/Frameworks";
				"LD_RUNPATH_SEARCH_PATHS[sdk=macosx*]" = "@executable_path/../Frameworks";
				MACOSX_DEPLOYMENT_TARGET = 14.0;
				MARKETING_VERSION = 1.0;
				PRODUCT_BUNDLE_IDENTIFIER = com.spence.Lotus;
				PRODUCT_NAME = "$(TARGET_NAME)";
				SDKROOT = auto;
				SUPPORTED_PLATFORMS = "iphoneos iphonesimulator macosx";
				SWIFT_EMIT_LOC_STRINGS = YES;
				SWIFT_VERSION = 5.0;
				TARGETED_DEVICE_FAMILY = "1,2";
			};
			name = Debug;
		};
		08EC0EA82BB3897000E4F592 /* Release */ = {
			isa = XCBuildConfiguration;
			buildSettings = {
				ALWAYS_EMBED_SWIFT_STANDARD_LIBRARIES = YES;
				ASSETCATALOG_COMPILER_APPICON_NAME = AppIcon;
				ASSETCATALOG_COMPILER_GLOBAL_ACCENT_COLOR_NAME = AccentColor;
				CODE_SIGN_ENTITLEMENTS = Lotus/Lotus.entitlements;
				CODE_SIGN_STYLE = Automatic;
				CURRENT_PROJECT_VERSION = 1;
				DEVELOPMENT_ASSET_PATHS = "\"Lotus/Preview Content\"";
				DEVELOPMENT_TEAM = 925J898556;
				ENABLE_HARDENED_RUNTIME = YES;
				ENABLE_PREVIEWS = YES;
				GENERATE_INFOPLIST_FILE = YES;
				INFOPLIST_FILE = Lotus/Info.plist;
				INFOPLIST_KEY_CFBundleDisplayName = Lotus;
				INFOPLIST_KEY_LSApplicationCategoryType = "public.app-category.music";
				INFOPLIST_KEY_NSSupportsLiveActivities = YES;
				"INFOPLIST_KEY_UIApplicationSceneManifest_Generation[sdk=iphoneos*]" = YES;
				"INFOPLIST_KEY_UIApplicationSceneManifest_Generation[sdk=iphonesimulator*]" = YES;
				"INFOPLIST_KEY_UIApplicationSupportsIndirectInputEvents[sdk=iphoneos*]" = YES;
				"INFOPLIST_KEY_UIApplicationSupportsIndirectInputEvents[sdk=iphonesimulator*]" = YES;
				"INFOPLIST_KEY_UILaunchScreen_Generation[sdk=iphoneos*]" = YES;
				"INFOPLIST_KEY_UILaunchScreen_Generation[sdk=iphonesimulator*]" = YES;
				"INFOPLIST_KEY_UIStatusBarStyle[sdk=iphoneos*]" = UIStatusBarStyleDefault;
				"INFOPLIST_KEY_UIStatusBarStyle[sdk=iphonesimulator*]" = UIStatusBarStyleDefault;
				INFOPLIST_KEY_UISupportedInterfaceOrientations = UIInterfaceOrientationPortrait;
				INFOPLIST_KEY_UISupportedInterfaceOrientations_iPad = "UIInterfaceOrientationLandscapeLeft UIInterfaceOrientationLandscapeRight UIInterfaceOrientationPortrait UIInterfaceOrientationPortraitUpsideDown";
				IPHONEOS_DEPLOYMENT_TARGET = 17.4;
				LD_RUNPATH_SEARCH_PATHS = "@executable_path/Frameworks";
				"LD_RUNPATH_SEARCH_PATHS[sdk=macosx*]" = "@executable_path/../Frameworks";
				MACOSX_DEPLOYMENT_TARGET = 14.0;
				MARKETING_VERSION = 1.0;
				PRODUCT_BUNDLE_IDENTIFIER = com.spence.Lotus;
				PRODUCT_NAME = "$(TARGET_NAME)";
				SDKROOT = auto;
				SUPPORTED_PLATFORMS = "iphoneos iphonesimulator macosx";
				SWIFT_EMIT_LOC_STRINGS = YES;
				SWIFT_VERSION = 5.0;
				TARGETED_DEVICE_FAMILY = "1,2";
			};
			name = Release;
		};
/* End XCBuildConfiguration section */

/* Begin XCConfigurationList section */
		087AEBCE2BBBC8BD00394103 /* Build configuration list for PBXNativeTarget "LiveFriendActivityExtension" */ = {
			isa = XCConfigurationList;
			buildConfigurations = (
				087AEBCF2BBBC8BD00394103 /* Debug */,
				087AEBD02BBBC8BD00394103 /* Release */,
			);
			defaultConfigurationIsVisible = 0;
			defaultConfigurationName = Release;
		};
		08EC0E902BB3896F00E4F592 /* Build configuration list for PBXProject "Lotus" */ = {
			isa = XCConfigurationList;
			buildConfigurations = (
				08EC0EA42BB3897000E4F592 /* Debug */,
				08EC0EA52BB3897000E4F592 /* Release */,
			);
			defaultConfigurationIsVisible = 0;
			defaultConfigurationName = Release;
		};
		08EC0EA62BB3897000E4F592 /* Build configuration list for PBXNativeTarget "Lotus" */ = {
			isa = XCConfigurationList;
			buildConfigurations = (
				08EC0EA72BB3897000E4F592 /* Debug */,
				08EC0EA82BB3897000E4F592 /* Release */,
			);
			defaultConfigurationIsVisible = 0;
			defaultConfigurationName = Release;
		};
/* End XCConfigurationList section */

/* Begin XCRemoteSwiftPackageReference section */
		087587EC2BB503C800DFCA82 /* XCRemoteSwiftPackageReference "SwiftSoup" */ = {
			isa = XCRemoteSwiftPackageReference;
			repositoryURL = "https://github.com/scinfu/SwiftSoup.git";
			requirement = {
				kind = upToNextMajorVersion;
				minimumVersion = 2.7.2;
			};
		};
		087C55872BB3B7F200F45562 /* XCRemoteSwiftPackageReference "steadmanui" */ = {
			isa = XCRemoteSwiftPackageReference;
			repositoryURL = "https://github.com/steadman1/steadmanui";
			requirement = {
				branch = main;
				kind = branch;
			};
		};
		087C558F2BB3B98000F45562 /* XCRemoteSwiftPackageReference "ViewExtractor" */ = {
			isa = XCRemoteSwiftPackageReference;
			repositoryURL = "https://github.com/GeorgeElsham/ViewExtractor";
			requirement = {
				kind = upToNextMajorVersion;
				minimumVersion = 2.0.0;
			};
		};
		08FFD2F22BB8B827008DFA7D /* XCRemoteSwiftPackageReference "KeychainAccess" */ = {
			isa = XCRemoteSwiftPackageReference;
			repositoryURL = "https://github.com/kishikawakatsumi/KeychainAccess";
			requirement = {
				branch = master;
				kind = branch;
			};
		};
		08FFD3122BBB4B3C008DFA7D /* XCRemoteSwiftPackageReference "SpotifyAPI" */ = {
			isa = XCRemoteSwiftPackageReference;
			repositoryURL = "https://github.com/steadman1/SpotifyAPI.git";
			requirement = {
				branch = master;
				kind = branch;
			};
		};
/* End XCRemoteSwiftPackageReference section */

/* Begin XCSwiftPackageProductDependency section */
		081F80ED2BB5F70E00D0D723 /* SteadmanUI */ = {
			isa = XCSwiftPackageProductDependency;
			package = 087C55872BB3B7F200F45562 /* XCRemoteSwiftPackageReference "steadmanui" */;
			productName = SteadmanUI;
		};
		081F80EF2BB5F72100D0D723 /* ViewExtractor */ = {
			isa = XCSwiftPackageProductDependency;
			package = 087C558F2BB3B98000F45562 /* XCRemoteSwiftPackageReference "ViewExtractor" */;
			productName = ViewExtractor;
		};
		081F80F12BB5F72800D0D723 /* SwiftSoup */ = {
			isa = XCSwiftPackageProductDependency;
			package = 087587EC2BB503C800DFCA82 /* XCRemoteSwiftPackageReference "SwiftSoup" */;
			productName = SwiftSoup;
		};
		087AEBEE2BBE281600394103 /* SteadmanUI */ = {
			isa = XCSwiftPackageProductDependency;
			package = 087C55872BB3B7F200F45562 /* XCRemoteSwiftPackageReference "steadmanui" */;
			productName = SteadmanUI;
		};
		08FFD2F32BB8B827008DFA7D /* KeychainAccess */ = {
			isa = XCSwiftPackageProductDependency;
			package = 08FFD2F22BB8B827008DFA7D /* XCRemoteSwiftPackageReference "KeychainAccess" */;
			productName = KeychainAccess;
		};
		08FFD3132BBB4B3C008DFA7D /* SpotifyAPI */ = {
			isa = XCSwiftPackageProductDependency;
			package = 08FFD3122BBB4B3C008DFA7D /* XCRemoteSwiftPackageReference "SpotifyAPI" */;
			productName = SpotifyAPI;
		};
/* End XCSwiftPackageProductDependency section */
	};
	rootObject = 08EC0E8D2BB3896F00E4F592 /* Project object */;
}
