{
  "originHash" : "958f230c74dcd0e83298534b2810e7e582db926379147f5a6c176ee591d964e7",
  "pins" : [
    {
      "identity" : "steadmanui",
      "kind" : "remoteSourceControl",
      "location" : "https://github.com/steadman1/steadmanui",
      "state" : {
        "branch" : "main",
        "revision" : "ca6b7a32f4b997007a0848c4eb468c271236852b"
      }
    },
    {
      "identity" : "swiftsoup",
      "kind" : "remoteSourceControl",
      "location" : "https://github.com/scinfu/SwiftSoup.git",
      "state" : {
        "revision" : "028487d4a8a291b2fe1b4392b5425b6172056148",
        "version" : "2.7.2"
      }
    },
    {
      "identity" : "viewextractor",
      "kind" : "remoteSourceControl",
      "location" : "https://github.com/GeorgeElsham/ViewExtractor",
      "state" : {
        "revision" : "e20b1944524d4454c2a65c0054ce345c2c5d0185",
        "version" : "2.0.0"
      }
    }
  ],
  "version" : 3
}
